
Microsoft Visual Studio Solution File, Format Version 12.00
# Visual Studio Version 17
VisualStudioVersion = 17.5.002.0
MinimumVisualStudioVersion = 10.0.40219.1
Project("{9A19103F-16F7-4668-BE54-9A1E7A4F7556}") = "BitsOrchestraTest", "BitsOrchestraTest.csproj", "{F8EB08C9-6928-4FA1-84CA-141F1D3BB4EC}"
EndProject
Global
	GlobalSection(SolutionConfigurationPlatforms) = preSolution
		Debug|Any CPU = Debug|Any CPU
		Release|Any CPU = Release|Any CPU
	EndGlobalSection
	GlobalSection(ProjectConfigurationPlatforms) = postSolution
		{F8EB08C9-6928-4FA1-84CA-141F1D3BB4EC}.Debug|Any CPU.ActiveCfg = Debug|Any CPU
		{F8EB08C9-6928-4FA1-84CA-141F1D3BB4EC}.Debug|Any CPU.Build.0 = Debug|Any CPU
		{F8EB08C9-6928-4FA1-84CA-141F1D3BB4EC}.Release|Any CPU.ActiveCfg = Release|Any CPU
		{F8EB08C9-6928-4FA1-84CA-141F1D3BB4EC}.Release|Any CPU.Build.0 = Release|Any CPU
	EndGlobalSection
	GlobalSection(SolutionProperties) = preSolution
		HideSolutionNode = FALSE
	EndGlobalSection
	GlobalSection(ExtensibilityGlobals) = postSolution
		SolutionGuid = {C234A0CD-3BD9-4C86-A0D5-FB77C5A58D19}
	EndGlobalSection
EndGlobal
